
Microsoft Visual Studio Solution File, Format Version 12.00
# Visual Studio Version 16
VisualStudioVersion = 16.0.31313.79
MinimumVisualStudioVersion = 10.0.40219.1
Project("{FAE04EC0-301F-11D3-BF4B-00C04F79EFBC}") = "InterfacesAndAbstractClasses", "InterfacesAndAbstractClasses\InterfacesAndAbstractClasses.csproj", "{C0BC7982-E628-4CC3-9503-667D0E670F9B}"
EndProject
Global
	GlobalSection(SolutionConfigurationPlatforms) = preSolution
		Debug|Any CPU = Debug|Any CPU
		Release|Any CPU = Release|Any CPU
	EndGlobalSection
	GlobalSection(ProjectConfigurationPlatforms) = postSolution
		{C0BC7982-E628-4CC3-9503-667D0E670F9B}.Debug|Any CPU.ActiveCfg = Debug|Any CPU
		{C0BC7982-E628-4CC3-9503-667D0E670F9B}.Debug|Any CPU.Build.0 = Debug|Any CPU
		{C0BC7982-E628-4CC3-9503-667D0E670F9B}.Release|Any CPU.ActiveCfg = Release|Any CPU
		{C0BC7982-E628-4CC3-9503-667D0E670F9B}.Release|Any CPU.Build.0 = Release|Any CPU
	EndGlobalSection
	GlobalSection(SolutionProperties) = preSolution
		HideSolutionNode = FALSE
	EndGlobalSection
	GlobalSection(ExtensibilityGlobals) = postSolution
		SolutionGuid = {FFBFDF8D-340F-4B83-A74E-AA8663723321}
	EndGlobalSection
EndGlobal
